// !$*UTF8*$!
{
	archiveVersion = 1;
	classes = {
	};
	objectVersion = 50;
	objects = {

/* Begin PBXBuildFile section */
		CB76953425C94797002098E8 /* AnyTransition+OffsetWithOpacity.swift in Sources */ = {isa = PBXBuildFile; fileRef = CB76953325C94797002098E8 /* AnyTransition+OffsetWithOpacity.swift */; };
		CB8D59AF25C8E102000B0F2A /* SetGameApp.swift in Sources */ = {isa = PBXBuildFile; fileRef = CB8D59AE25C8E102000B0F2A /* SetGameApp.swift */; };
		CB8D59B325C8E103000B0F2A /* Assets.xcassets in Resources */ = {isa = PBXBuildFile; fileRef = CB8D59B225C8E103000B0F2A /* Assets.xcassets */; };
		CB8D59B625C8E103000B0F2A /* Preview Assets.xcassets in Resources */ = {isa = PBXBuildFile; fileRef = CB8D59B525C8E103000B0F2A /* Preview Assets.xcassets */; };
		CB8D59C125C8E103000B0F2A /* SetGameTests.swift in Sources */ = {isa = PBXBuildFile; fileRef = CB8D59C025C8E103000B0F2A /* SetGameTests.swift */; };
		CB8D59CC25C8E103000B0F2A /* SetGameUITests.swift in Sources */ = {isa = PBXBuildFile; fileRef = CB8D59CB25C8E103000B0F2A /* SetGameUITests.swift */; };
		CB8D5A0925C8E230000B0F2A /* CardView.swift in Sources */ = {isa = PBXBuildFile; fileRef = CB8D5A0425C8E230000B0F2A /* CardView.swift */; };
		CB8D5A0A25C8E230000B0F2A /* ContentView.swift in Sources */ = {isa = PBXBuildFile; fileRef = CB8D5A0525C8E230000B0F2A /* ContentView.swift */; };
		CB8D5A0B25C8E230000B0F2A /* DiamondShape.swift in Sources */ = {isa = PBXBuildFile; fileRef = CB8D5A0625C8E230000B0F2A /* DiamondShape.swift */; };
		CB8D5A0C25C8E230000B0F2A /* CardBackView.swift in Sources */ = {isa = PBXBuildFile; fileRef = CB8D5A0725C8E230000B0F2A /* CardBackView.swift */; };
		CB8D5A0D25C8E230000B0F2A /* CardContentBuilder.swift in Sources */ = {isa = PBXBuildFile; fileRef = CB8D5A0825C8E230000B0F2A /* CardContentBuilder.swift */; };
		CB8D5A1325C8E240000B0F2A /* SetGameCard.swift in Sources */ = {isa = PBXBuildFile; fileRef = CB8D5A1125C8E240000B0F2A /* SetGameCard.swift */; };
		CB8D5A1425C8E240000B0F2A /* SetCardGame.swift in Sources */ = {isa = PBXBuildFile; fileRef = CB8D5A1225C8E240000B0F2A /* SetCardGame.swift */; };
		CB8D5A2025C8E287000B0F2A /* CardContent+Equatable.swift in Sources */ = {isa = PBXBuildFile; fileRef = CB8D5A1D25C8E287000B0F2A /* CardContent+Equatable.swift */; };
		CB8D5A2125C8E287000B0F2A /* SetGame.swift in Sources */ = {isa = PBXBuildFile; fileRef = CB8D5A1E25C8E287000B0F2A /* SetGame.swift */; };
		CB8D5A2225C8E287000B0F2A /* CardModel+Identifiable.swift in Sources */ = {isa = PBXBuildFile; fileRef = CB8D5A1F25C8E287000B0F2A /* CardModel+Identifiable.swift */; };
		CB8D5A2725C8E2C8000B0F2A /* StarShape.swift in Sources */ = {isa = PBXBuildFile; fileRef = CB8D5A2625C8E2C8000B0F2A /* StarShape.swift */; };
		CB8D5A3525C8EF42000B0F2A /* CardBackgound.swift in Sources */ = {isa = PBXBuildFile; fileRef = CB8D5A3425C8EF42000B0F2A /* CardBackgound.swift */; };
/* End PBXBuildFile section */

/* Begin PBXContainerItemProxy section */
		CB8D59BD25C8E103000B0F2A /* PBXContainerItemProxy */ = {
			isa = PBXContainerItemProxy;
			containerPortal = CB8D59A325C8E102000B0F2A /* Project object */;
			proxyType = 1;
			remoteGlobalIDString = CB8D59AA25C8E102000B0F2A;
			remoteInfo = SetGame;
		};
		CB8D59C825C8E103000B0F2A /* PBXContainerItemProxy */ = {
			isa = PBXContainerItemProxy;
			containerPortal = CB8D59A325C8E102000B0F2A /* Project object */;
			proxyType = 1;
			remoteGlobalIDString = CB8D59AA25C8E102000B0F2A;
			remoteInfo = SetGame;
		};
/* End PBXContainerItemProxy section */

/* Begin PBXFileReference section */
		CB76953325C94797002098E8 /* AnyTransition+OffsetWithOpacity.swift */ = {isa = PBXFileReference; lastKnownFileType = sourcecode.swift; path = "AnyTransition+OffsetWithOpacity.swift"; sourceTree = "<group>"; };
		CB8D59AB25C8E102000B0F2A /* SetGame.app */ = {isa = PBXFileReference; explicitFileType = wrapper.application; includeInIndex = 0; path = SetGame.app; sourceTree = BUILT_PRODUCTS_DIR; };
		CB8D59AE25C8E102000B0F2A /* SetGameApp.swift */ = {isa = PBXFileReference; lastKnownFileType = sourcecode.swift; path = SetGameApp.swift; sourceTree = "<group>"; };
		CB8D59B225C8E103000B0F2A /* Assets.xcassets */ = {isa = PBXFileReference; lastKnownFileType = folder.assetcatalog; path = Assets.xcassets; sourceTree = "<group>"; };
		CB8D59B525C8E103000B0F2A /* Preview Assets.xcassets */ = {isa = PBXFileReference; lastKnownFileType = folder.assetcatalog; path = "Preview Assets.xcassets"; sourceTree = "<group>"; };
		CB8D59B725C8E103000B0F2A /* Info.plist */ = {isa = PBXFileReference; lastKnownFileType = text.plist.xml; path = Info.plist; sourceTree = "<group>"; };
		CB8D59BC25C8E103000B0F2A /* SetGameTests.xctest */ = {isa = PBXFileReference; explicitFileType = wrapper.cfbundle; includeInIndex = 0; path = SetGameTests.xctest; sourceTree = BUILT_PRODUCTS_DIR; };
		CB8D59C025C8E103000B0F2A /* SetGameTests.swift */ = {isa = PBXFileReference; lastKnownFileType = sourcecode.swift; path = SetGameTests.swift; sourceTree = "<group>"; };
		CB8D59C225C8E103000B0F2A /* Info.plist */ = {isa = PBXFileReference; lastKnownFileType = text.plist.xml; path = Info.plist; sourceTree = "<group>"; };
		CB8D59C725C8E103000B0F2A /* SetGameUITests.xctest */ = {isa = PBXFileReference; explicitFileType = wrapper.cfbundle; includeInIndex = 0; path = SetGameUITests.xctest; sourceTree = BUILT_PRODUCTS_DIR; };
		CB8D59CB25C8E103000B0F2A /* SetGameUITests.swift */ = {isa = PBXFileReference; lastKnownFileType = sourcecode.swift; path = SetGameUITests.swift; sourceTree = "<group>"; };
		CB8D59CD25C8E103000B0F2A /* Info.plist */ = {isa = PBXFileReference; lastKnownFileType = text.plist.xml; path = Info.plist; sourceTree = "<group>"; };
		CB8D5A0425C8E230000B0F2A /* CardView.swift */ = {isa = PBXFileReference; fileEncoding = 4; lastKnownFileType = sourcecode.swift; name = CardView.swift; path = View/CardView.swift; sourceTree = "<group>"; };
		CB8D5A0525C8E230000B0F2A /* ContentView.swift */ = {isa = PBXFileReference; fileEncoding = 4; lastKnownFileType = sourcecode.swift; name = ContentView.swift; path = View/ContentView.swift; sourceTree = "<group>"; };
		CB8D5A0625C8E230000B0F2A /* DiamondShape.swift */ = {isa = PBXFileReference; fileEncoding = 4; lastKnownFileType = sourcecode.swift; name = DiamondShape.swift; path = View/DiamondShape.swift; sourceTree = "<group>"; };
		CB8D5A0725C8E230000B0F2A /* CardBackView.swift */ = {isa = PBXFileReference; fileEncoding = 4; lastKnownFileType = sourcecode.swift; name = CardBackView.swift; path = View/CardBackView.swift; sourceTree = "<group>"; };
		CB8D5A0825C8E230000B0F2A /* CardContentBuilder.swift */ = {isa = PBXFileReference; fileEncoding = 4; lastKnownFileType = sourcecode.swift; name = CardContentBuilder.swift; path = View/CardContentBuilder.swift; sourceTree = "<group>"; };
		CB8D5A1125C8E240000B0F2A /* SetGameCard.swift */ = {isa = PBXFileReference; fileEncoding = 4; lastKnownFileType = sourcecode.swift; name = SetGameCard.swift; path = ViewModel/SetGameCard.swift; sourceTree = "<group>"; };
		CB8D5A1225C8E240000B0F2A /* SetCardGame.swift */ = {isa = PBXFileReference; fileEncoding = 4; lastKnownFileType = sourcecode.swift; name = SetCardGame.swift; path = ViewModel/SetCardGame.swift; sourceTree = "<group>"; };
		CB8D5A1D25C8E287000B0F2A /* CardContent+Equatable.swift */ = {isa = PBXFileReference; fileEncoding = 4; lastKnownFileType = sourcecode.swift; name = "CardContent+Equatable.swift"; path = "Model/CardContent+Equatable.swift"; sourceTree = "<group>"; };
		CB8D5A1E25C8E287000B0F2A /* SetGame.swift */ = {isa = PBXFileReference; fileEncoding = 4; lastKnownFileType = sourcecode.swift; name = SetGame.swift; path = Model/SetGame.swift; sourceTree = "<group>"; };
		CB8D5A1F25C8E287000B0F2A /* CardModel+Identifiable.swift */ = {isa = PBXFileReference; fileEncoding = 4; lastKnownFileType = sourcecode.swift; name = "CardModel+Identifiable.swift"; path = "Model/CardModel+Identifiable.swift"; sourceTree = "<group>"; };
		CB8D5A2625C8E2C8000B0F2A /* StarShape.swift */ = {isa = PBXFileReference; fileEncoding = 4; lastKnownFileType = sourcecode.swift; name = StarShape.swift; path = View/StarShape.swift; sourceTree = "<group>"; };
		CB8D5A3425C8EF42000B0F2A /* CardBackgound.swift */ = {isa = PBXFileReference; lastKnownFileType = sourcecode.swift; path = CardBackgound.swift; sourceTree = "<group>"; };
/* End PBXFileReference section */

/* Begin PBXFrameworksBuildPhase section */
		CB8D59A825C8E102000B0F2A /* Frameworks */ = {
			isa = PBXFrameworksBuildPhase;
			buildActionMask = 2147483647;
			files = (
			);
			runOnlyForDeploymentPostprocessing = 0;
		};
		CB8D59B925C8E103000B0F2A /* Frameworks */ = {
			isa = PBXFrameworksBuildPhase;
			buildActionMask = 2147483647;
			files = (
			);
			runOnlyForDeploymentPostprocessing = 0;
		};
		CB8D59C425C8E103000B0F2A /* Frameworks */ = {
			isa = PBXFrameworksBuildPhase;
			buildActionMask = 2147483647;
			files = (
			);
			runOnlyForDeploymentPostprocessing = 0;
		};
/* End PBXFrameworksBuildPhase section */

/* Begin PBXGroup section */
		CB8D59A225C8E102000B0F2A = {
			isa = PBXGroup;
			children = (
				CB76953325C94797002098E8 /* AnyTransition+OffsetWithOpacity.swift */,
				CB8D59E925C8E17B000B0F2A /* View */,
				CB8D59E825C8E172000B0F2A /* ViewModel */,
				CB8D59E725C8E16A000B0F2A /* Model */,
				CB8D59AD25C8E102000B0F2A /* SetGame */,
				CB8D59BF25C8E103000B0F2A /* SetGameTests */,
				CB8D59CA25C8E103000B0F2A /* SetGameUITests */,
				CB8D59AC25C8E102000B0F2A /* Products */,
			);
			sourceTree = "<group>";
		};
		CB8D59AC25C8E102000B0F2A /* Products */ = {
			isa = PBXGroup;
			children = (
				CB8D59AB25C8E102000B0F2A /* SetGame.app */,
				CB8D59BC25C8E103000B0F2A /* SetGameTests.xctest */,
				CB8D59C725C8E103000B0F2A /* SetGameUITests.xctest */,
			);
			name = Products;
			sourceTree = "<group>";
		};
		CB8D59AD25C8E102000B0F2A /* SetGame */ = {
			isa = PBXGroup;
			children = (
				CB8D59AE25C8E102000B0F2A /* SetGameApp.swift */,
				CB8D59B225C8E103000B0F2A /* Assets.xcassets */,
				CB8D59B725C8E103000B0F2A /* Info.plist */,
				CB8D59B425C8E103000B0F2A /* Preview Content */,
			);
			path = SetGame;
			sourceTree = "<group>";
		};
		CB8D59B425C8E103000B0F2A /* Preview Content */ = {
			isa = PBXGroup;
			children = (
				CB8D59B525C8E103000B0F2A /* Preview Assets.xcassets */,
			);
			path = "Preview Content";
			sourceTree = "<group>";
		};
		CB8D59BF25C8E103000B0F2A /* SetGameTests */ = {
			isa = PBXGroup;
			children = (
				CB8D59C025C8E103000B0F2A /* SetGameTests.swift */,
				CB8D59C225C8E103000B0F2A /* Info.plist */,
			);
			path = SetGameTests;
			sourceTree = "<group>";
		};
		CB8D59CA25C8E103000B0F2A /* SetGameUITests */ = {
			isa = PBXGroup;
			children = (
				CB8D59CB25C8E103000B0F2A /* SetGameUITests.swift */,
				CB8D59CD25C8E103000B0F2A /* Info.plist */,
			);
			path = SetGameUITests;
			sourceTree = "<group>";
		};
		CB8D59E725C8E16A000B0F2A /* Model */ = {
			isa = PBXGroup;
			children = (
				CB8D5A1E25C8E287000B0F2A /* SetGame.swift */,
				CB8D5A1F25C8E287000B0F2A /* CardModel+Identifiable.swift */,
				CB8D5A1D25C8E287000B0F2A /* CardContent+Equatable.swift */,
			);
			name = Model;
			sourceTree = "<group>";
		};
		CB8D59E825C8E172000B0F2A /* ViewModel */ = {
			isa = PBXGroup;
			children = (
				CB8D5A1225C8E240000B0F2A /* SetCardGame.swift */,
				CB8D5A1125C8E240000B0F2A /* SetGameCard.swift */,
			);
			name = ViewModel;
			sourceTree = "<group>";
		};
		CB8D59E925C8E17B000B0F2A /* View */ = {
			isa = PBXGroup;
			children = (
				CB8D5A0525C8E230000B0F2A /* ContentView.swift */,
				CB8D5A0425C8E230000B0F2A /* CardView.swift */,
				CB8D5A0725C8E230000B0F2A /* CardBackView.swift */,
				CB8D5A3425C8EF42000B0F2A /* CardBackgound.swift */,
				CB8D5A0825C8E230000B0F2A /* CardContentBuilder.swift */,
				CB8D5A2625C8E2C8000B0F2A /* StarShape.swift */,
				CB8D5A0625C8E230000B0F2A /* DiamondShape.swift */,
			);
			name = View;
			sourceTree = "<group>";
		};
/* End PBXGroup section */

/* Begin PBXNativeTarget section */
		CB8D59AA25C8E102000B0F2A /* SetGame */ = {
			isa = PBXNativeTarget;
			buildConfigurationList = CB8D59D025C8E103000B0F2A /* Build configuration list for PBXNativeTarget "SetGame" */;
			buildPhases = (
				CB8D59A725C8E102000B0F2A /* Sources */,
				CB8D59A825C8E102000B0F2A /* Frameworks */,
				CB8D59A925C8E102000B0F2A /* Resources */,
			);
			buildRules = (
			);
			dependencies = (
			);
			name = SetGame;
			productName = SetGame;
			productReference = CB8D59AB25C8E102000B0F2A /* SetGame.app */;
			productType = "com.apple.product-type.application";
		};
		CB8D59BB25C8E103000B0F2A /* SetGameTests */ = {
			isa = PBXNativeTarget;
			buildConfigurationList = CB8D59D325C8E103000B0F2A /* Build configuration list for PBXNativeTarget "SetGameTests" */;
			buildPhases = (
				CB8D59B825C8E103000B0F2A /* Sources */,
				CB8D59B925C8E103000B0F2A /* Frameworks */,
				CB8D59BA25C8E103000B0F2A /* Resources */,
			);
			buildRules = (
			);
			dependencies = (
				CB8D59BE25C8E103000B0F2A /* PBXTargetDependency */,
			);
			name = SetGameTests;
			productName = SetGameTests;
			productReference = CB8D59BC25C8E103000B0F2A /* SetGameTests.xctest */;
			productType = "com.apple.product-type.bundle.unit-test";
		};
		CB8D59C625C8E103000B0F2A /* SetGameUITests */ = {
			isa = PBXNativeTarget;
			buildConfigurationList = CB8D59D625C8E103000B0F2A /* Build configuration list for PBXNativeTarget "SetGameUITests" */;
			buildPhases = (
				CB8D59C325C8E103000B0F2A /* Sources */,
				CB8D59C425C8E103000B0F2A /* Frameworks */,
				CB8D59C525C8E103000B0F2A /* Resources */,
			);
			buildRules = (
			);
			dependencies = (
				CB8D59C925C8E103000B0F2A /* PBXTargetDependency */,
			);
			name = SetGameUITests;
			productName = SetGameUITests;
			productReference = CB8D59C725C8E103000B0F2A /* SetGameUITests.xctest */;
			productType = "com.apple.product-type.bundle.ui-testing";
		};
/* End PBXNativeTarget section */

/* Begin PBXProject section */
		CB8D59A325C8E102000B0F2A /* Project object */ = {
			isa = PBXProject;
			attributes = {
				LastSwiftUpdateCheck = 1240;
				LastUpgradeCheck = 1240;
				TargetAttributes = {
					CB8D59AA25C8E102000B0F2A = {
						CreatedOnToolsVersion = 12.4;
					};
					CB8D59BB25C8E103000B0F2A = {
						CreatedOnToolsVersion = 12.4;
						TestTargetID = CB8D59AA25C8E102000B0F2A;
					};
					CB8D59C625C8E103000B0F2A = {
						CreatedOnToolsVersion = 12.4;
						TestTargetID = CB8D59AA25C8E102000B0F2A;
					};
				};
			};
			buildConfigurationList = CB8D59A625C8E102000B0F2A /* Build configuration list for PBXProject "SetGame" */;
			compatibilityVersion = "Xcode 9.3";
			developmentRegion = en;
			hasScannedForEncodings = 0;
			knownRegions = (
				en,
				Base,
			);
			mainGroup = CB8D59A225C8E102000B0F2A;
			productRefGroup = CB8D59AC25C8E102000B0F2A /* Products */;
			projectDirPath = "";
			projectRoot = "";
			targets = (
				CB8D59AA25C8E102000B0F2A /* SetGame */,
				CB8D59BB25C8E103000B0F2A /* SetGameTests */,
				CB8D59C625C8E103000B0F2A /* SetGameUITests */,
			);
		};
/* End PBXProject section */

/* Begin PBXResourcesBuildPhase section */
		CB8D59A925C8E102000B0F2A /* Resources */ = {
			isa = PBXResourcesBuildPhase;
			buildActionMask = 2147483647;
			files = (
				CB8D59B625C8E103000B0F2A /* Preview Assets.xcassets in Resources */,
				CB8D59B325C8E103000B0F2A /* Assets.xcassets in Resources */,
			);
			runOnlyForDeploymentPostprocessing = 0;
		};
		CB8D59BA25C8E103000B0F2A /* Resources */ = {
			isa = PBXResourcesBuildPhase;
			buildActionMask = 2147483647;
			files = (
			);
			runOnlyForDeploymentPostprocessing = 0;
		};
		CB8D59C525C8E103000B0F2A /* Resources */ = {
			isa = PBXResourcesBuildPhase;
			buildActionMask = 2147483647;
			files = (
			);
			runOnlyForDeploymentPostprocessing = 0;
		};
/* End PBXResourcesBuildPhase section */

/* Begin PBXSourcesBuildPhase section */
		CB8D59A725C8E102000B0F2A /* Sources */ = {
			isa = PBXSourcesBuildPhase;
			buildActionMask = 2147483647;
			files = (
				CB8D5A1425C8E240000B0F2A /* SetCardGame.swift in Sources */,
				CB8D5A2225C8E287000B0F2A /* CardModel+Identifiable.swift in Sources */,
				CB8D5A0B25C8E230000B0F2A /* DiamondShape.swift in Sources */,
				CB8D5A2125C8E287000B0F2A /* SetGame.swift in Sources */,
				CB8D59AF25C8E102000B0F2A /* SetGameApp.swift in Sources */,
				CB8D5A2725C8E2C8000B0F2A /* StarShape.swift in Sources */,
				CB8D5A3525C8EF42000B0F2A /* CardBackgound.swift in Sources */,
				CB8D5A0A25C8E230000B0F2A /* ContentView.swift in Sources */,
				CB76953425C94797002098E8 /* AnyTransition+OffsetWithOpacity.swift in Sources */,
				CB8D5A0C25C8E230000B0F2A /* CardBackView.swift in Sources */,
				CB8D5A0925C8E230000B0F2A /* CardView.swift in Sources */,
				CB8D5A0D25C8E230000B0F2A /* CardContentBuilder.swift in Sources */,
				CB8D5A1325C8E240000B0F2A /* SetGameCard.swift in Sources */,
				CB8D5A2025C8E287000B0F2A /* CardContent+Equatable.swift in Sources */,
			);
			runOnlyForDeploymentPostprocessing = 0;
		};
		CB8D59B825C8E103000B0F2A /* Sources */ = {
			isa = PBXSourcesBuildPhase;
			buildActionMask = 2147483647;
			files = (
				CB8D59C125C8E103000B0F2A /* SetGameTests.swift in Sources */,
			);
			runOnlyForDeploymentPostprocessing = 0;
		};
		CB8D59C325C8E103000B0F2A /* Sources */ = {
			isa = PBXSourcesBuildPhase;
			buildActionMask = 2147483647;
			files = (
				CB8D59CC25C8E103000B0F2A /* SetGameUITests.swift in Sources */,
			);
			runOnlyForDeploymentPostprocessing = 0;
		};
/* End PBXSourcesBuildPhase section */

/* Begin PBXTargetDependency section */
		CB8D59BE25C8E103000B0F2A /* PBXTargetDependency */ = {
			isa = PBXTargetDependency;
			target = CB8D59AA25C8E102000B0F2A /* SetGame */;
			targetProxy = CB8D59BD25C8E103000B0F2A /* PBXContainerItemProxy */;
		};
		CB8D59C925C8E103000B0F2A /* PBXTargetDependency */ = {
			isa = PBXTargetDependency;
			target = CB8D59AA25C8E102000B0F2A /* SetGame */;
			targetProxy = CB8D59C825C8E103000B0F2A /* PBXContainerItemProxy */;
		};
/* End PBXTargetDependency section */

/* Begin XCBuildConfiguration section */
		CB8D59CE25C8E103000B0F2A /* Debug */ = {
			isa = XCBuildConfiguration;
			buildSettings = {
				ALWAYS_SEARCH_USER_PATHS = NO;
				CLANG_ANALYZER_NONNULL = YES;
				CLANG_ANALYZER_NUMBER_OBJECT_CONVERSION = YES_AGGRESSIVE;
				CLANG_CXX_LANGUAGE_STANDARD = "gnu++14";
				CLANG_CXX_LIBRARY = "libc++";
				CLANG_ENABLE_MODULES = YES;
				CLANG_ENABLE_OBJC_ARC = YES;
				CLANG_ENABLE_OBJC_WEAK = YES;
				CLANG_WARN_BLOCK_CAPTURE_AUTORELEASING = YES;
				CLANG_WARN_BOOL_CONVERSION = YES;
				CLANG_WARN_COMMA = YES;
				CLANG_WARN_CONSTANT_CONVERSION = YES;
				CLANG_WARN_DEPRECATED_OBJC_IMPLEMENTATIONS = YES;
				CLANG_WARN_DIRECT_OBJC_ISA_USAGE = YES_ERROR;
				CLANG_WARN_DOCUMENTATION_COMMENTS = YES;
				CLANG_WARN_EMPTY_BODY = YES;
				CLANG_WARN_ENUM_CONVERSION = YES;
				CLANG_WARN_INFINITE_RECURSION = YES;
				CLANG_WARN_INT_CONVERSION = YES;
				CLANG_WARN_NON_LITERAL_NULL_CONVERSION = YES;
				CLANG_WARN_OBJC_IMPLICIT_RETAIN_SELF = YES;
				CLANG_WARN_OBJC_LITERAL_CONVERSION = YES;
				CLANG_WARN_OBJC_ROOT_CLASS = YES_ERROR;
				CLANG_WARN_QUOTED_INCLUDE_IN_FRAMEWORK_HEADER = YES;
				CLANG_WARN_RANGE_LOOP_ANALYSIS = YES;
				CLANG_WARN_STRICT_PROTOTYPES = YES;
				CLANG_WARN_SUSPICIOUS_MOVE = YES;
				CLANG_WARN_UNGUARDED_AVAILABILITY = YES_AGGRESSIVE;
				CLANG_WARN_UNREACHABLE_CODE = YES;
				CLANG_WARN__DUPLICATE_METHOD_MATCH = YES;
				COPY_PHASE_STRIP = NO;
				DEBUG_INFORMATION_FORMAT = dwarf;
				ENABLE_STRICT_OBJC_MSGSEND = YES;
				ENABLE_TESTABILITY = YES;
				GCC_C_LANGUAGE_STANDARD = gnu11;
				GCC_DYNAMIC_NO_PIC = NO;
				GCC_NO_COMMON_BLOCKS = YES;
				GCC_OPTIMIZATION_LEVEL = 0;
				GCC_PREPROCESSOR_DEFINITIONS = (
					"DEBUG=1",
					"$(inherited)",
				);
				GCC_WARN_64_TO_32_BIT_CONVERSION = YES;
				GCC_WARN_ABOUT_RETURN_TYPE = YES_ERROR;
				GCC_WARN_UNDECLARED_SELECTOR = YES;
				GCC_WARN_UNINITIALIZED_AUTOS = YES_AGGRESSIVE;
				GCC_WARN_UNUSED_FUNCTION = YES;
				GCC_WARN_UNUSED_VARIABLE = YES;
				IPHONEOS_DEPLOYMENT_TARGET = 14.4;
				MTL_ENABLE_DEBUG_INFO = INCLUDE_SOURCE;
				MTL_FAST_MATH = YES;
				ONLY_ACTIVE_ARCH = YES;
				SDKROOT = iphoneos;
				SWIFT_ACTIVE_COMPILATION_CONDITIONS = DEBUG;
				SWIFT_OPTIMIZATION_LEVEL = "-Onone";
			};
			name = Debug;
		};
		CB8D59CF25C8E103000B0F2A /* Release */ = {
			isa = XCBuildConfiguration;
			buildSettings = {
				ALWAYS_SEARCH_USER_PATHS = NO;
				CLANG_ANALYZER_NONNULL = YES;
				CLANG_ANALYZER_NUMBER_OBJECT_CONVERSION = YES_AGGRESSIVE;
				CLANG_CXX_LANGUAGE_STANDARD = "gnu++14";
				CLANG_CXX_LIBRARY = "libc++";
				CLANG_ENABLE_MODULES = YES;
				CLANG_ENABLE_OBJC_ARC = YES;
				CLANG_ENABLE_OBJC_WEAK = YES;
				CLANG_WARN_BLOCK_CAPTURE_AUTORELEASING = YES;
				CLANG_WARN_BOOL_CONVERSION = YES;
				CLANG_WARN_COMMA = YES;
				CLANG_WARN_CONSTANT_CONVERSION = YES;
				CLANG_WARN_DEPRECATED_OBJC_IMPLEMENTATIONS = YES;
				CLANG_WARN_DIRECT_OBJC_ISA_USAGE = YES_ERROR;
				CLANG_WARN_DOCUMENTATION_COMMENTS = YES;
				CLANG_WARN_EMPTY_BODY = YES;
				CLANG_WARN_ENUM_CONVERSION = YES;
				CLANG_WARN_INFINITE_RECURSION = YES;
				CLANG_WARN_INT_CONVERSION = YES;
				CLANG_WARN_NON_LITERAL_NULL_CONVERSION = YES;
				CLANG_WARN_OBJC_IMPLICIT_RETAIN_SELF = YES;
				CLANG_WARN_OBJC_LITERAL_CONVERSION = YES;
				CLANG_WARN_OBJC_ROOT_CLASS = YES_ERROR;
				CLANG_WARN_QUOTED_INCLUDE_IN_FRAMEWORK_HEADER = YES;
				CLANG_WARN_RANGE_LOOP_ANALYSIS = YES;
				CLANG_WARN_STRICT_PROTOTYPES = YES;
				CLANG_WARN_SUSPICIOUS_MOVE = YES;
				CLANG_WARN_UNGUARDED_AVAILABILITY = YES_AGGRESSIVE;
				CLANG_WARN_UNREACHABLE_CODE = YES;
				CLANG_WARN__DUPLICATE_METHOD_MATCH = YES;
				COPY_PHASE_STRIP = NO;
				DEBUG_INFORMATION_FORMAT = "dwarf-with-dsym";
				ENABLE_NS_ASSERTIONS = NO;
				ENABLE_STRICT_OBJC_MSGSEND = YES;
				GCC_C_LANGUAGE_STANDARD = gnu11;
				GCC_NO_COMMON_BLOCKS = YES;
				GCC_WARN_64_TO_32_BIT_CONVERSION = YES;
				GCC_WARN_ABOUT_RETURN_TYPE = YES_ERROR;
				GCC_WARN_UNDECLARED_SELECTOR = YES;
				GCC_WARN_UNINITIALIZED_AUTOS = YES_AGGRESSIVE;
				GCC_WARN_UNUSED_FUNCTION = YES;
				GCC_WARN_UNUSED_VARIABLE = YES;
				IPHONEOS_DEPLOYMENT_TARGET = 14.4;
				MTL_ENABLE_DEBUG_INFO = NO;
				MTL_FAST_MATH = YES;
				SDKROOT = iphoneos;
				SWIFT_COMPILATION_MODE = wholemodule;
				SWIFT_OPTIMIZATION_LEVEL = "-O";
				VALIDATE_PRODUCT = YES;
			};
			name = Release;
		};
		CB8D59D125C8E103000B0F2A /* Debug */ = {
			isa = XCBuildConfiguration;
			buildSettings = {
				ASSETCATALOG_COMPILER_APPICON_NAME = AppIcon;
				ASSETCATALOG_COMPILER_GLOBAL_ACCENT_COLOR_NAME = AccentColor;
				CODE_SIGN_STYLE = Automatic;
				DEVELOPMENT_ASSET_PATHS = "\"SetGame/Preview Content\"";
				DEVELOPMENT_TEAM = U9N5UKDY9B;
				ENABLE_PREVIEWS = YES;
				INFOPLIST_FILE = SetGame/Info.plist;
				IPHONEOS_DEPLOYMENT_TARGET = 14.0;
				LD_RUNPATH_SEARCH_PATHS = (
					"$(inherited)",
					"@executable_path/Frameworks",
				);
				PRODUCT_BUNDLE_IDENTIFIER = happy1charlie.SetGame;
				PRODUCT_NAME = "$(TARGET_NAME)";
				SWIFT_VERSION = 5.0;
				TARGETED_DEVICE_FAMILY = "1,2";
			};
			name = Debug;
		};
		CB8D59D225C8E103000B0F2A /* Release */ = {
			isa = XCBuildConfiguration;
			buildSettings = {
				ASSETCATALOG_COMPILER_APPICON_NAME = AppIcon;
				ASSETCATALOG_COMPILER_GLOBAL_ACCENT_COLOR_NAME = AccentColor;
				CODE_SIGN_STYLE = Automatic;
				DEVELOPMENT_ASSET_PATHS = "\"SetGame/Preview Content\"";
				DEVELOPMENT_TEAM = U9N5UKDY9B;
				ENABLE_PREVIEWS = YES;
				INFOPLIST_FILE = SetGame/Info.plist;
				IPHONEOS_DEPLOYMENT_TARGET = 14.0;
				LD_RUNPATH_SEARCH_PATHS = (
					"$(inherited)",
					"@executable_path/Frameworks",
				);
				PRODUCT_BUNDLE_IDENTIFIER = happy1charlie.SetGame;
				PRODUCT_NAME = "$(TARGET_NAME)";
				SWIFT_VERSION = 5.0;
				TARGETED_DEVICE_FAMILY = "1,2";
			};
			name = Release;
		};
		CB8D59D425C8E103000B0F2A /* Debug */ = {
			isa = XCBuildConfiguration;
			buildSettings = {
				ALWAYS_EMBED_SWIFT_STANDARD_LIBRARIES = YES;
				BUNDLE_LOADER = "$(TEST_HOST)";
				CODE_SIGN_STYLE = Automatic;
				DEVELOPMENT_TEAM = U9N5UKDY9B;
				INFOPLIST_FILE = SetGameTests/Info.plist;
				IPHONEOS_DEPLOYMENT_TARGET = 14.0;
				LD_RUNPATH_SEARCH_PATHS = (
					"$(inherited)",
					"@executable_path/Frameworks",
					"@loader_path/Frameworks",
				);
				PRODUCT_BUNDLE_IDENTIFIER = happy1charlie.SetGameTests;
				PRODUCT_NAME = "$(TARGET_NAME)";
				SWIFT_VERSION = 5.0;
				TARGETED_DEVICE_FAMILY = "1,2";
				TEST_HOST = "$(BUILT_PRODUCTS_DIR)/SetGame.app/SetGame";
			};
			name = Debug;
		};
		CB8D59D525C8E103000B0F2A /* Release */ = {
			isa = XCBuildConfiguration;
			buildSettings = {
				ALWAYS_EMBED_SWIFT_STANDARD_LIBRARIES = YES;
				BUNDLE_LOADER = "$(TEST_HOST)";
				CODE_SIGN_STYLE = Automatic;
				DEVELOPMENT_TEAM = U9N5UKDY9B;
				INFOPLIST_FILE = SetGameTests/Info.plist;
				IPHONEOS_DEPLOYMENT_TARGET = 14.0;
				LD_RUNPATH_SEARCH_PATHS = (
					"$(inherited)",
					"@executable_path/Frameworks",
					"@loader_path/Frameworks",
				);
				PRODUCT_BUNDLE_IDENTIFIER = happy1charlie.SetGameTests;
				PRODUCT_NAME = "$(TARGET_NAME)";
				SWIFT_VERSION = 5.0;
				TARGETED_DEVICE_FAMILY = "1,2";
				TEST_HOST = "$(BUILT_PRODUCTS_DIR)/SetGame.app/SetGame";
			};
			name = Release;
		};
		CB8D59D725C8E103000B0F2A /* Debug */ = {
			isa = XCBuildConfiguration;
			buildSettings = {
				ALWAYS_EMBED_SWIFT_STANDARD_LIBRARIES = YES;
				CODE_SIGN_STYLE = Automatic;
				DEVELOPMENT_TEAM = U9N5UKDY9B;
				INFOPLIST_FILE = SetGameUITests/Info.plist;
				LD_RUNPATH_SEARCH_PATHS = (
					"$(inherited)",
					"@executable_path/Frameworks",
					"@loader_path/Frameworks",
				);
				PRODUCT_BUNDLE_IDENTIFIER = happy1charlie.SetGameUITests;
				PRODUCT_NAME = "$(TARGET_NAME)";
				SWIFT_VERSION = 5.0;
				TARGETED_DEVICE_FAMILY = "1,2";
				TEST_TARGET_NAME = SetGame;
			};
			name = Debug;
		};
		CB8D59D825C8E103000B0F2A /* Release */ = {
			isa = XCBuildConfiguration;
			buildSettings = {
				ALWAYS_EMBED_SWIFT_STANDARD_LIBRARIES = YES;
				CODE_SIGN_STYLE = Automatic;
				DEVELOPMENT_TEAM = U9N5UKDY9B;
				INFOPLIST_FILE = SetGameUITests/Info.plist;
				LD_RUNPATH_SEARCH_PATHS = (
					"$(inherited)",
					"@executable_path/Frameworks",
					"@loader_path/Frameworks",
				);
				PRODUCT_BUNDLE_IDENTIFIER = happy1charlie.SetGameUITests;
				PRODUCT_NAME = "$(TARGET_NAME)";
				SWIFT_VERSION = 5.0;
				TARGETED_DEVICE_FAMILY = "1,2";
				TEST_TARGET_NAME = SetGame;
			};
			name = Release;
		};
/* End XCBuildConfiguration section */

/* Begin XCConfigurationList section */
		CB8D59A625C8E102000B0F2A /* Build configuration list for PBXProject "SetGame" */ = {
			isa = XCConfigurationList;
			buildConfigurations = (
				CB8D59CE25C8E103000B0F2A /* Debug */,
				CB8D59CF25C8E103000B0F2A /* Release */,
			);
			defaultConfigurationIsVisible = 0;
			defaultConfigurationName = Release;
		};
		CB8D59D025C8E103000B0F2A /* Build configuration list for PBXNativeTarget "SetGame" */ = {
			isa = XCConfigurationList;
			buildConfigurations = (
				CB8D59D125C8E103000B0F2A /* Debug */,
				CB8D59D225C8E103000B0F2A /* Release */,
			);
			defaultConfigurationIsVisible = 0;
			defaultConfigurationName = Release;
		};
		CB8D59D325C8E103000B0F2A /* Build configuration list for PBXNativeTarget "SetGameTests" */ = {
			isa = XCConfigurationList;
			buildConfigurations = (
				CB8D59D425C8E103000B0F2A /* Debug */,
				CB8D59D525C8E103000B0F2A /* Release */,
			);
			defaultConfigurationIsVisible = 0;
			defaultConfigurationName = Release;
		};
		CB8D59D625C8E103000B0F2A /* Build configuration list for PBXNativeTarget "SetGameUITests" */ = {
			isa = XCConfigurationList;
			buildConfigurations = (
				CB8D59D725C8E103000B0F2A /* Debug */,
				CB8D59D825C8E103000B0F2A /* Release */,
			);
			defaultConfigurationIsVisible = 0;
			defaultConfigurationName = Release;
		};
/* End XCConfigurationList section */
	};
	rootObject = CB8D59A325C8E102000B0F2A /* Project object */;
}
